
Microsoft Visual Studio Solution File, Format Version 12.00
# Visual Studio 15
VisualStudioVersion = 15.0.27428.2037
MinimumVisualStudioVersion = 10.0.40219.1
Project("{E24C65DC-7377-472B-9ABA-BC803B73C61A}") = "ELearning", ".", "{A8A3DFF9-8F5A-469C-AF4B-F27892C6568C}"
	ProjectSection(WebsiteProperties) = preProject
		TargetFrameworkMoniker = ".NETFramework,Version%3Dv4.0"
		Debug.AspNetCompiler.VirtualPath = "/localhost_55586"
		Debug.AspNetCompiler.PhysicalPath = "D:\vishalWork\ELearning\"
		Debug.AspNetCompiler.TargetPath = "PrecompiledWeb\localhost_55586\"
		Debug.AspNetCompiler.Updateable = "true"
		Debug.AspNetCompiler.ForceOverwrite = "true"
		Debug.AspNetCompiler.FixedNames = "false"
		Debug.AspNetCompiler.Debug = "True"
		Release.AspNetCompiler.VirtualPath = "/localhost_55586"
		Release.AspNetCompiler.PhysicalPath = "D:\vishalWork\ELearning\"
		Release.AspNetCompiler.TargetPath = "PrecompiledWeb\localhost_55586\"
		Release.AspNetCompiler.Updateable = "true"
		Release.AspNetCompiler.ForceOverwrite = "true"
		Release.AspNetCompiler.FixedNames = "false"
		Release.AspNetCompiler.Debug = "False"
		VWDPort = "55586"
	EndProjectSection
EndProject
Global
	GlobalSection(SolutionConfigurationPlatforms) = preSolution
		Debug|Any CPU = Debug|Any CPU
	EndGlobalSection
	GlobalSection(ProjectConfigurationPlatforms) = postSolution
		{A8A3DFF9-8F5A-469C-AF4B-F27892C6568C}.Debug|Any CPU.ActiveCfg = Debug|Any CPU
		{A8A3DFF9-8F5A-469C-AF4B-F27892C6568C}.Debug|Any CPU.Build.0 = Debug|Any CPU
	EndGlobalSection
	GlobalSection(SolutionProperties) = preSolution
		HideSolutionNode = FALSE
	EndGlobalSection
	GlobalSection(ExtensibilityGlobals) = postSolution
		SolutionGuid = {CB610B18-1DF9-4AF5-A379-13C2633A372E}
	EndGlobalSection
EndGlobal
